
Microsoft Visual Studio Solution File, Format Version 12.00
# Visual Studio 14
VisualStudioVersion = 14.0.24720.0
MinimumVisualStudioVersion = 10.0.40219.1
Project("{FAE04EC0-301F-11D3-BF4B-00C04F79EFBC}") = "WebLib", "WebLib\WebLib.csproj", "{9B0C1C31-1DBD-4048-BE23-D221A5466956}"
EndProject
Project("{FAE04EC0-301F-11D3-BF4B-00C04F79EFBC}") = "WebSite", "WebSite\WebSite.csproj", "{2479D58D-10A1-473B-9A93-580300017C62}"
EndProject
Project("{FAE04EC0-301F-11D3-BF4B-00C04F79EFBC}") = "API", "API\API.csproj", "{DEFFE00D-2646-431A-9E4C-760D3A97965D}"
EndProject
Project("{FAE04EC0-301F-11D3-BF4B-00C04F79EFBC}") = "API.Tests.Unit", "API.Tests.Unit\API.Tests.Unit.csproj", "{2AF16822-9AEA-4517-A321-90B6002BE0D5}"
EndProject
Global
	GlobalSection(SolutionConfigurationPlatforms) = preSolution
		Debug|Any CPU = Debug|Any CPU
		Release|Any CPU = Release|Any CPU
	EndGlobalSection
	GlobalSection(ProjectConfigurationPlatforms) = postSolution
		{9B0C1C31-1DBD-4048-BE23-D221A5466956}.Debug|Any CPU.ActiveCfg = Debug|Any CPU
		{9B0C1C31-1DBD-4048-BE23-D221A5466956}.Debug|Any CPU.Build.0 = Debug|Any CPU
		{9B0C1C31-1DBD-4048-BE23-D221A5466956}.Release|Any CPU.ActiveCfg = Release|Any CPU
		{9B0C1C31-1DBD-4048-BE23-D221A5466956}.Release|Any CPU.Build.0 = Release|Any CPU
		{2479D58D-10A1-473B-9A93-580300017C62}.Debug|Any CPU.ActiveCfg = Debug|Any CPU
		{2479D58D-10A1-473B-9A93-580300017C62}.Debug|Any CPU.Build.0 = Debug|Any CPU
		{2479D58D-10A1-473B-9A93-580300017C62}.Release|Any CPU.ActiveCfg = Release|Any CPU
		{2479D58D-10A1-473B-9A93-580300017C62}.Release|Any CPU.Build.0 = Release|Any CPU
		{DEFFE00D-2646-431A-9E4C-760D3A97965D}.Debug|Any CPU.ActiveCfg = Debug|Any CPU
		{DEFFE00D-2646-431A-9E4C-760D3A97965D}.Debug|Any CPU.Build.0 = Debug|Any CPU
		{DEFFE00D-2646-431A-9E4C-760D3A97965D}.Release|Any CPU.ActiveCfg = Release|Any CPU
		{DEFFE00D-2646-431A-9E4C-760D3A97965D}.Release|Any CPU.Build.0 = Release|Any CPU
		{2AF16822-9AEA-4517-A321-90B6002BE0D5}.Debug|Any CPU.ActiveCfg = Debug|Any CPU
		{2AF16822-9AEA-4517-A321-90B6002BE0D5}.Debug|Any CPU.Build.0 = Debug|Any CPU
		{2AF16822-9AEA-4517-A321-90B6002BE0D5}.Release|Any CPU.ActiveCfg = Release|Any CPU
		{2AF16822-9AEA-4517-A321-90B6002BE0D5}.Release|Any CPU.Build.0 = Release|Any CPU
	EndGlobalSection
	GlobalSection(SolutionProperties) = preSolution
		HideSolutionNode = FALSE
	EndGlobalSection
EndGlobal
