
Microsoft Visual Studio Solution File, Format Version 12.00
# Visual Studio 14
VisualStudioVersion = 14.0.24720.0
MinimumVisualStudioVersion = 10.0.40219.1
Project("{FAE04EC0-301F-11D3-BF4B-00C04F79EFBC}") = "API", "API\API.csproj", "{EB949E46-20A1-474E-8753-48EFFC2BDD53}"
EndProject
Project("{00D1A9C2-B5F0-4AF3-8072-F6C62B433612}") = "Database", "Database\Database.sqlproj", "{E4C9F326-6721-41CC-91DC-850AAD976234}"
EndProject
Project("{FAE04EC0-301F-11D3-BF4B-00C04F79EFBC}") = "API.DataAcces", "API.DataAcces\API.DataAcces.csproj", "{5C0EC666-18A9-453F-93F8-BEE4E6F0F000}"
EndProject
Global
	GlobalSection(SolutionConfigurationPlatforms) = preSolution
		Debug|Any CPU = Debug|Any CPU
		Release|Any CPU = Release|Any CPU
	EndGlobalSection
	GlobalSection(ProjectConfigurationPlatforms) = postSolution
		{EB949E46-20A1-474E-8753-48EFFC2BDD53}.Debug|Any CPU.ActiveCfg = Debug|Any CPU
		{EB949E46-20A1-474E-8753-48EFFC2BDD53}.Debug|Any CPU.Build.0 = Debug|Any CPU
		{EB949E46-20A1-474E-8753-48EFFC2BDD53}.Release|Any CPU.ActiveCfg = Release|Any CPU
		{EB949E46-20A1-474E-8753-48EFFC2BDD53}.Release|Any CPU.Build.0 = Release|Any CPU
		{E4C9F326-6721-41CC-91DC-850AAD976234}.Debug|Any CPU.ActiveCfg = Debug|Any CPU
		{E4C9F326-6721-41CC-91DC-850AAD976234}.Debug|Any CPU.Build.0 = Debug|Any CPU
		{E4C9F326-6721-41CC-91DC-850AAD976234}.Debug|Any CPU.Deploy.0 = Debug|Any CPU
		{E4C9F326-6721-41CC-91DC-850AAD976234}.Release|Any CPU.ActiveCfg = Release|Any CPU
		{E4C9F326-6721-41CC-91DC-850AAD976234}.Release|Any CPU.Build.0 = Release|Any CPU
		{E4C9F326-6721-41CC-91DC-850AAD976234}.Release|Any CPU.Deploy.0 = Release|Any CPU
		{5C0EC666-18A9-453F-93F8-BEE4E6F0F000}.Debug|Any CPU.ActiveCfg = Debug|Any CPU
		{5C0EC666-18A9-453F-93F8-BEE4E6F0F000}.Debug|Any CPU.Build.0 = Debug|Any CPU
		{5C0EC666-18A9-453F-93F8-BEE4E6F0F000}.Release|Any CPU.ActiveCfg = Release|Any CPU
		{5C0EC666-18A9-453F-93F8-BEE4E6F0F000}.Release|Any CPU.Build.0 = Release|Any CPU
	EndGlobalSection
	GlobalSection(SolutionProperties) = preSolution
		HideSolutionNode = FALSE
	EndGlobalSection
EndGlobal
