
Microsoft Visual Studio Solution File, Format Version 12.00
# Visual Studio 14
VisualStudioVersion = 14.0.24720.0
MinimumVisualStudioVersion = 10.0.40219.1
Project("{FAE04EC0-301F-11D3-BF4B-00C04F79EFBC}") = "AspNetIdentityWithoutADatabase.WebApplication", "AspNetIdentityWithoutADatabase.WebApplication\AspNetIdentityWithoutADatabase.WebApplication.csproj", "{ECCCD176-49F7-4DA9-B69B-15E3328E2289}"
EndProject
Project("{FAE04EC0-301F-11D3-BF4B-00C04F79EFBC}") = "TrafficControl.DAL", "..\..\TC_DAL\TrafficControl.DAL\TrafficControl.DAL.csproj", "{4396C852-8EC9-4A9C-BB5D-8E5C45407C51}"
EndProject
Project("{FAE04EC0-301F-11D3-BF4B-00C04F79EFBC}") = "AspNetIdentityWithoutADatabase.Console", "AspNetIdentityWithoutADatabase.Console\AspNetIdentityWithoutADatabase.Console.csproj", "{6990BB05-F777-4299-A75A-741442BFCA22}"
EndProject
Global
	GlobalSection(SolutionConfigurationPlatforms) = preSolution
		Debug|Any CPU = Debug|Any CPU
		Release|Any CPU = Release|Any CPU
	EndGlobalSection
	GlobalSection(ProjectConfigurationPlatforms) = postSolution
		{ECCCD176-49F7-4DA9-B69B-15E3328E2289}.Debug|Any CPU.ActiveCfg = Debug|Any CPU
		{ECCCD176-49F7-4DA9-B69B-15E3328E2289}.Debug|Any CPU.Build.0 = Debug|Any CPU
		{ECCCD176-49F7-4DA9-B69B-15E3328E2289}.Release|Any CPU.ActiveCfg = Release|Any CPU
		{ECCCD176-49F7-4DA9-B69B-15E3328E2289}.Release|Any CPU.Build.0 = Release|Any CPU
		{4396C852-8EC9-4A9C-BB5D-8E5C45407C51}.Debug|Any CPU.ActiveCfg = Debug|Any CPU
		{4396C852-8EC9-4A9C-BB5D-8E5C45407C51}.Debug|Any CPU.Build.0 = Debug|Any CPU
		{4396C852-8EC9-4A9C-BB5D-8E5C45407C51}.Release|Any CPU.ActiveCfg = Release|Any CPU
		{4396C852-8EC9-4A9C-BB5D-8E5C45407C51}.Release|Any CPU.Build.0 = Release|Any CPU
		{6990BB05-F777-4299-A75A-741442BFCA22}.Debug|Any CPU.ActiveCfg = Debug|Any CPU
		{6990BB05-F777-4299-A75A-741442BFCA22}.Debug|Any CPU.Build.0 = Debug|Any CPU
		{6990BB05-F777-4299-A75A-741442BFCA22}.Release|Any CPU.ActiveCfg = Release|Any CPU
		{6990BB05-F777-4299-A75A-741442BFCA22}.Release|Any CPU.Build.0 = Release|Any CPU
	EndGlobalSection
	GlobalSection(SolutionProperties) = preSolution
		HideSolutionNode = FALSE
	EndGlobalSection
EndGlobal
